Microsoft Visual Studio Solution File, Format Version 12.00
# Visual Studio Version 17
VisualStudioVersion = 17.8.34330.188
MinimumVisualStudioVersion = 10.0.40219.1
Project("{2150E333-8FDC-42A3-9474-1A3956D46DE8}") = "src", "src", "{A1B2C3D4-E5F6-47G8-H9I0-J1K2L3M4N5O6}"
EndProject
Project("{2150E333-8FDC-42A3-9474-1A3956D46DE8}") = "tests", "tests", "{P1Q2R3S4-T5U6-47V8-W9X0-Y1Z2A3B4C5D6}"
EndProject
Project("{2150E333-8FDC-42A3-9474-1A3956D46DE8}") = "Infrastructure", "Infrastructure", "{E1F2G3H4-I5J6-47K8-L9M0-N1O2P3Q4R5S6}"
EndProject
Project("{9A19103F-16F7-4668-BE54-9A1E7A4F7556}") = "EHRPlatform.Common", "src\EHRPlatform.Common\EHRPlatform.Common.csproj", "{A1A1A1A1-B2B2-B2B2-C3C3-C3C3C3C3C3C3}"
EndProject
Project("{9A19103F-16F7-4668-BE54-9A1E7A4F7556}") = "EHRPlatform.ApiGateway", "src\EHRPlatform.Services.ApiGateway\EHRPlatform.Services.ApiGateway.csproj", "{B2B2B2B2-C3C3-C3C3-D4D4-D4D4D4D4D4D4}"
EndProject
Project("{9A19103F-16F7-4668-BE54-9A1E7A4F7556}") = "EHRPlatform.Services.Identity", "src\EHRPlatform.Services.Identity\EHRPlatform.Services.Identity.csproj", "{C3C3C3C3-D4D4-D4D4-E5E5-E5E5E5E5E5E5}"
EndProject
Project("{9A19103F-16F7-4668-BE54-9A1E7A4F7556}") = "EHRPlatform.Services.Patient", "src\EHRPlatform.Services.Patient\EHRPlatform.Services.Patient.csproj", "{D4D4D4D4-E5E5-E5E5-F6F6-F6F6F6F6F6F6}"
EndProject
Project("{9A19103F-16F7-4668-BE54-9A1E7A4F7556}") = "EHRPlatform.Services.Clinical", "src\EHRPlatform.Services.Clinical\EHRPlatform.Services.Clinical.csproj", "{E5E5E5E5-F6F6-F6F6-G7G7-G7G7G7G7G7G7}"
EndProject
Project("{9A19103F-16F7-4668-BE54-9A1E7A4F7556}") = "EHRPlatform.Services.Appointment", "src\EHRPlatform.Services.Appointment\EHRPlatform.Services.Appointment.csproj", "{F6F6F6F6-G7G7-G7G7-H8H8-H8H8H8H8H8H8}"
EndProject
Project("{9A19103F-16F7-4668-BE54-9A1E7A4F7556}") = "EHRPlatform.Services.Prescription", "src\EHRPlatform.Services.Prescription\EHRPlatform.Services.Prescription.csproj", "{G7G7G7G7-H8H8-H8H8-I9I9-I9I9I9I9I9I9}"
EndProject
Project("{9A19103F-16F7-4668-BE54-9A1E7A4F7556}") = "EHRPlatform.Services.Billing", "src\EHRPlatform.Services.Billing\EHRPlatform.Services.Billing.csproj", "{H8H8H8H8-I9I9-I9I9-J0J0-J0J0J0J0J0J0}"
EndProject
Project("{9A19103F-16F7-4668-BE54-9A1E7A4F7556}") = "EHRPlatform.Services.Notification", "src\EHRPlatform.Services.Notification\EHRPlatform.Services.Notification.csproj", "{I9I9I9I9-J0J0-J0J0-K1K1-K1K1K1K1K1K1}"
EndProject
Project("{9A19103F-16F7-4668-BE54-9A1E7A4F7556}") = "EHRPlatform.Services.Analytics", "src\EHRPlatform.Services.Analytics\EHRPlatform.Services.Analytics.csproj", "{J0J0J0J0-K1K1-K1K1-L2L2-L2L2L2L2L2L2}"
EndProject
Project("{9A19103F-16F7-4668-BE54-9A1E7A4F7556}") = "EHRPlatform.Services.Audit", "src\EHRPlatform.Services.Audit\EHRPlatform.Services.Audit.csproj", "{K1K1K1K1-L2L2-L2L2-M3M3-M3M3M3M3M3M3}"
EndProject
Project("{9A19103F-16F7-4668-BE54-9A1E7A4F7556}") = "EHRPlatform.Tests.Unit", "tests\EHRPlatform.Tests.Unit\EHRPlatform.Tests.Unit.csproj", "{L2L2L2L2-M3M3-M3M3-N4N4-N4N4N4N4N4N4}"
EndProject
Project("{9A19103F-16F7-4668-BE54-9A1E7A4F7556}") = "EHRPlatform.Tests.Integration", "tests\EHRPlatform.Tests.Integration\EHRPlatform.Tests.Integration.csproj", "{M3M3M3M3-N4N4-N4N4-O5O5-O5O5O5O5O5O5}"
EndProject
Global
	GlobalSection(SolutionConfigurationPlatforms) = preSolution
		Debug|Any CPU = Debug|Any CPU
		Release|Any CPU = Release|Any CPU
	EndGlobalSection
	GlobalSection(ProjectConfigurationPlatforms) = postSolution
		{A1A1A1A1-B2B2-B2B2-C3C3-C3C3C3C3C3C3}.Debug|Any CPU.ActiveCfg = Debug|Any CPU
		{A1A1A1A1-B2B2-B2B2-C3C3-C3C3C3C3C3C3}.Debug|Any CPU.Build.0 = Debug|Any CPU
		{A1A1A1A1-B2B2-B2B2-C3C3-C3C3C3C3C3C3}.Release|Any CPU.ActiveCfg = Release|Any CPU
		{A1A1A1A1-B2B2-B2B2-C3C3-C3C3C3C3C3C3}.Release|Any CPU.Build.0 = Release|Any CPU
		{B2B2B2B2-C3C3-C3C3-D4D4-D4D4D4D4D4D4}.Debug|Any CPU.ActiveCfg = Debug|Any CPU
		{B2B2B2B2-C3C3-C3C3-D4D4-D4D4D4D4D4D4}.Debug|Any CPU.Build.0 = Debug|Any CPU
		{B2B2B2B2-C3C3-C3C3-D4D4-D4D4D4D4D4D4}.Release|Any CPU.ActiveCfg = Release|Any CPU
		{B2B2B2B2-C3C3-C3C3-D4D4-D4D4D4D4D4D4}.Release|Any CPU.Build.0 = Release|Any CPU
		{C3C3C3C3-D4D4-D4D4-E5E5-E5E5E5E5E5E5}.Debug|Any CPU.ActiveCfg = Debug|Any CPU
		{C3C3C3C3-D4D4-D4D4-E5E5-E5E5E5E5E5E5}.Debug|Any CPU.Build.0 = Debug|Any CPU
		{C3C3C3C3-D4D4-D4D4-E5E5-E5E5E5E5E5E5}.Release|Any CPU.ActiveCfg = Release|Any CPU
		{C3C3C3C3-D4D4-D4D4-E5E5-E5E5E5E5E5E5}.Release|Any CPU.Build.0 = Release|Any CPU
		{D4D4D4D4-E5E5-E5E5-F6F6-F6F6F6F6F6F6}.Debug|Any CPU.ActiveCfg = Debug|Any CPU
		{D4D4D4D4-E5E5-E5E5-F6F6-F6F6F6F6F6F6}.Debug|Any CPU.Build.0 = Debug|Any CPU
		{D4D4D4D4-E5E5-E5E5-F6F6-F6F6F6F6F6F6}.Release|Any CPU.ActiveCfg = Release|Any CPU
		{D4D4D4D4-E5E5-E5E5-F6F6-F6F6F6F6F6F6}.Release|Any CPU.Build.0 = Release|Any CPU
		{E5E5E5E5-F6F6-F6F6-G7G7-G7G7G7G7G7G7}.Debug|Any CPU.ActiveCfg = Debug|Any CPU
		{E5E5E5E5-F6F6-F6F6-G7G7-G7G7G7G7G7G7}.Debug|Any CPU.Build.0 = Debug|Any CPU
		{E5E5E5E5-F6F6-F6F6-G7G7-G7G7G7G7G7G7}.Release|Any CPU.ActiveCfg = Release|Any CPU
		{E5E5E5E5-F6F6-F6F6-G7G7-G7G7G7G7G7G7}.Release|Any CPU.Build.0 = Release|Any CPU
		{F6F6F6F6-G7G7-G7G7-H8H8-H8H8H8H8H8H8}.Debug|Any CPU.ActiveCfg = Debug|Any CPU
		{F6F6F6F6-G7G7-G7G7-H8H8-H8H8H8H8H8H8}.Debug|Any CPU.Build.0 = Debug|Any CPU
		{F6F6F6F6-G7G7-G7G7-H8H8-H8H8H8H8H8H8}.Release|Any CPU.ActiveCfg = Release|Any CPU
		{F6F6F6F6-G7G7-G7G7-H8H8-H8H8H8H8H8H8}.Release|Any CPU.Build.0 = Release|Any CPU
		{G7G7G7G7-H8H8-H8H8-I9I9-I9I9I9I9I9I9}.Debug|Any CPU.ActiveCfg = Debug|Any CPU
		{G7G7G7G7-H8H8-H8H8-I9I9-I9I9I9I9I9I9}.Debug|Any CPU.Build.0 = Debug|Any CPU
		{G7G7G7G7-H8H8-H8H8-I9I9-I9I9I9I9I9I9}.Release|Any CPU.ActiveCfg = Release|Any CPU
		{G7G7G7G7-H8H8-H8H8-I9I9-I9I9I9I9I9I9}.Release|Any CPU.Build.0 = Release|Any CPU
		{H8H8H8H8-I9I9-I9I9-J0J0-J0J0J0J0J0J0}.Debug|Any CPU.ActiveCfg = Debug|Any CPU
		{H8H8H8H8-I9I9-I9I9-J0J0-J0J0J0J0J0J0}.Debug|Any CPU.Build.0 = Debug|Any CPU
		{H8H8H8H8-I9I9-I9I9-J0J0-J0J0J0J0J0J0}.Release|Any CPU.ActiveCfg = Release|Any CPU
		{H8H8H8H8-I9I9-I9I9-J0J0-J0J0J0J0J0J0}.Release|Any CPU.Build.0 = Release|Any CPU
		{I9I9I9I9-J0J0-J0J0-K1K1-K1K1K1K1K1K1}.Debug|Any CPU.ActiveCfg = Debug|Any CPU
		{I9I9I9I9-J0J0-J0J0-K1K1-K1K1K1K1K1K1}.Debug|Any CPU.Build.0 = Debug|Any CPU
		{I9I9I9I9-J0J0-J0J0-K1K1-K1K1K1K1K1K1}.Release|Any CPU.ActiveCfg = Release|Any CPU
		{I9I9I9I9-J0J0-J0J0-K1K1-K1K1K1K1K1K1}.Release|Any CPU.Build.0 = Release|Any CPU
		{J0J0J0J0-K1K1-K1K1-L2L2-L2L2L2L2L2L2}.Debug|Any CPU.ActiveCfg = Debug|Any CPU
		{J0J0J0J0-K1K1-K1K1-L2L2-L2L2L2L2L2L2}.Debug|Any CPU.Build.0 = Debug|Any CPU
		{J0J0J0J0-K1K1-K1K1-L2L2-L2L2L2L2L2L2}.Release|Any CPU.ActiveCfg = Release|Any CPU
		{J0J0J0J0-K1K1-K1K1-L2L2-L2L2L2L2L2L2}.Release|Any CPU.Build.0 = Release|Any CPU
		{K1K1K1K1-L2L2-L2L2-M3M3-M3M3M3M3M3M3}.Debug|Any CPU.ActiveCfg = Debug|Any CPU
		{K1K1K1K1-L2L2-L2L2-M3M3-M3M3M3M3M3M3}.Debug|Any CPU.Build.0 = Debug|Any CPU
		{K1K1K1K1-L2L2-L2L2-M3M3-M3M3M3M3M3M3}.Release|Any CPU.ActiveCfg = Release|Any CPU
		{K1K1K1K1-L2L2-L2L2-M3M3-M3M3M3M3M3M3}.Release|Any CPU.Build.0 = Release|Any CPU
		{L2L2L2L2-M3M3-M3M3-N4N4-N4N4N4N4N4N4}.Debug|Any CPU.ActiveCfg = Debug|Any CPU
		{L2L2L2L2-M3M3-M3M3-N4N4-N4N4N4N4N4N4}.Debug|Any CPU.Build.0 = Debug|Any CPU
		{L2L2L2L2-M3M3-M3M3-N4N4-N4N4N4N4N4N4}.Release|Any CPU.ActiveCfg = Release|Any CPU
		{L2L2L2L2-M3M3-M3M3-N4N4-N4N4N4N4N4N4}.Release|Any CPU.Build.0 = Release|Any CPU
		{M3M3M3M3-N4N4-N4N4-O5O5-O5O5O5O5O5O5}.Debug|Any CPU.ActiveCfg = Debug|Any CPU
		{M3M3M3M3-N4N4-N4N4-O5O5-O5O5O5O5O5O5}.Debug|Any CPU.Build.0 = Debug|Any CPU
		{M3M3M3M3-N4N4-N4N4-O5O5-O5O5O5O5O5O5}.Release|Any CPU.ActiveCfg = Release|Any CPU
		{M3M3M3M3-N4N4-N4N4-O5O5-O5O5O5O5O5O5}.Release|Any CPU.Build.0 = Release|Any CPU
	EndGlobalSection
	GlobalSection(NestedProjects) = preSolution
		{A1A1A1A1-B2B2-B2B2-C3C3-C3C3C3C3C3C3} = {A1B2C3D4-E5F6-47G8-H9I0-J1K2L3M4N5O6}
		{B2B2B2B2-C3C3-C3C3-D4D4-D4D4D4D4D4D4} = {A1B2C3D4-E5F6-47G8-H9I0-J1K2L3M4N5O6}
		{C3C3C3C3-D4D4-D4D4-E5E5-E5E5E5E5E5E5} = {A1B2C3D4-E5F6-47G8-H9I0-J1K2L3M4N5O6}
		{D4D4D4D4-E5E5-E5E5-F6F6-F6F6F6F6F6F6} = {A1B2C3D4-E5F6-47G8-H9I0-J1K2L3M4N5O6}
		{E5E5E5E5-F6F6-F6F6-G7G7-G7G7G7G7G7G7} = {A1B2C3D4-E5F6-47G8-H9I0-J1K2L3M4N5O6}
		{F6F6F6F6-G7G7-G7G7-H8H8-H8H8H8H8H8H8} = {A1B2C3D4-E5F6-47G8-H9I0-J1K2L3M4N5O6}
		{G7G7G7G7-H8H8-H8H8-I9I9-I9I9I9I9I9I9} = {A1B2C3D4-E5F6-47G8-H9I0-J1K2L3M4N5O6}
		{H8H8H8H8-I9I9-I9I9-J0J0-J0J0J0J0J0J0} = {A1B2C3D4-E5F6-47G8-H9I0-J1K2L3M4N5O6}
		{I9I9I9I9-J0J0-J0J0-K1K1-K1K1K1K1K1K1} = {A1B2C3D4-E5F6-47G8-H9I0-J1K2L3M4N5O6}
		{J0J0J0J0-K1K1-K1K1-L2L2-L2L2L2L2L2L2} = {A1B2C3D4-E5F6-47G8-H9I0-J1K2L3M4N5O6}
		{K1K1K1K1-L2L2-L2L2-M3M3-M3M3M3M3M3M3} = {A1B2C3D4-E5F6-47G8-H9I0-J1K2L3M4N5O6}
		{L2L2L2L2-M3M3-M3M3-N4N4-N4N4N4N4N4N4} = {P1Q2R3S4-T5U6-47V8-W9X0-Y1Z2A3B4C5D6}
		{M3M3M3M3-N4N4-N4N4-O5O5-O5O5O5O5O5O5} = {P1Q2R3S4-T5U6-47V8-W9X0-Y1Z2A3B4C5D6}
	EndGlobalSection
EndGlobal
